{
    "_readme": [
        "This file locks the dependencies of your project to a known state",
        "Read more about it at https://getcomposer.org/doc/01-basic-usage.md#installing-dependencies",
        "This file is @generated automatically"
    ],
    "content-hash": "af829ff1cbc46e6bb13eb030a794c534",
    "packages": [
        {
            "name": "enshrined/svg-sanitize",
            "version": "0.1.4",
            "source": {
                "type": "git",
                "url": "https://github.com/darylldoyle/svg-sanitizer.git",
                "reference": "46b44c209aaac539a4ce39a81b4d846f15eb8393"
            },
            "dist": {
                "type": "zip",
                "url": "https://api.github.com/repos/darylldoyle/svg-sanitizer/zipball/46b44c209aaac539a4ce39a81b4d846f15eb8393",
                "reference": "46b44c209aaac539a4ce39a81b4d846f15eb8393",
                "shasum": ""
            },
            "require-dev": {
                "codeclimate/php-test-reporter": "^0.1.2",
                "phpunit/phpunit": "^4.7"
            },
            "type": "library",
            "autoload": {
                "psr-4": {
                    "enshrined\\svgSanitize\\": "src"
                }
            },
            "notification-url": "https://packagist.org/downloads/",
            "license": [
                "GPL-2.0+"
            ],
            "authors": [
                {
                    "name": "Daryll Doyle",
                    "email": "daryll@enshrined.co.uk"
                }
            ],
            "description": "An SVG sanitizer for PHP",
            "support": {
                "issues": "https://github.com/darylldoyle/svg-sanitizer/issues",
                "source": "https://github.com/darylldoyle/svg-sanitizer/tree/master"
            },
            "time": "2015-06-21T13:30:21+00:00"
        }
    ],
    "packages-dev": [],
    "aliases": [],
    "minimum-stability": "stable",
    "stability-flags": [],
    "prefer-stable": false,
    "prefer-lowest": false,
    "platform": [],
    "platform-dev": [],
    "plugin-api-version": "2.3.0"
}
