{
    "_readme": [
        "This file locks the dependencies of your project to a known state",
        "Read more about it at https://getcomposer.org/doc/01-basic-usage.md#installing-dependencies",
        "This file is @generated automatically"
    ],
    "content-hash": "87fbd5ab3e71ca4cf6e10368edb637f6",
    "packages": [
        {
            "name": "enshrined/svg-sanitize",
            "version": "0.5.3",
            "source": {
                "type": "git",
                "url": "https://github.com/darylldoyle/svg-sanitizer.git",
                "reference": "1907fff05f8931e1bc0c8ba27e936b46d51e29b0"
            },
            "dist": {
                "type": "zip",
                "url": "https://api.github.com/repos/darylldoyle/svg-sanitizer/zipball/1907fff05f8931e1bc0c8ba27e936b46d51e29b0",
                "reference": "1907fff05f8931e1bc0c8ba27e936b46d51e29b0",
                "shasum": ""
            },
            "require-dev": {
                "codeclimate/php-test-reporter": "^0.1.2",
                "phpunit/phpunit": "^4.7"
            },
            "type": "library",
            "autoload": {
                "psr-4": {
                    "enshrined\\svgSanitize\\": "src"
                }
            },
            "notification-url": "https://packagist.org/downloads/",
            "license": [
                "GPL-2.0+"
            ],
            "authors": [
                {
                    "name": "Daryll Doyle",
                    "email": "daryll@enshrined.co.uk"
                }
            ],
            "description": "An SVG sanitizer for PHP",
            "support": {
                "issues": "https://github.com/darylldoyle/svg-sanitizer/issues",
                "source": "https://github.com/darylldoyle/svg-sanitizer/tree/0.5.3"
            },
            "time": "2017-02-26T17:38:09+00:00"
        }
    ],
    "packages-dev": [],
    "aliases": [],
    "minimum-stability": "stable",
    "stability-flags": [],
    "prefer-stable": false,
    "prefer-lowest": false,
    "platform": [],
    "platform-dev": [],
    "plugin-api-version": "2.3.0"
}
